
Microsoft Visual Studio Solution File, Format Version 12.00
# Visual Studio Version 17
VisualStudioVersion = 17.6.33829.357
MinimumVisualStudioVersion = 10.0.40219.1
Project("{9A19103F-16F7-4668-BE54-9A1E7A4F7556}") = "BlogEngine", "BlogEngine\BlogEngine.csproj", "{E1E95968-B877-4C27-94BE-91C2CD0F6A76}"
EndProject
Project("{9A19103F-16F7-4668-BE54-9A1E7A4F7556}") = "BlogEngine.Domain", "BlogEngine.Domain\BlogEngine.Domain.csproj", "{167C0B50-B854-43AE-9EBB-413F84807789}"
EndProject
Project("{9A19103F-16F7-4668-BE54-9A1E7A4F7556}") = "BlogEngine.Infrastructure", "BlogEngine.Infrastructure\BlogEngine.Infrastructure.csproj", "{279EDF37-5663-46F3-A483-490AC83CE49A}"
EndProject
Project("{FAE04EC0-301F-11D3-BF4B-00C04F79EFBC}") = "BlogEngine.IoC", "BlogEngine.IoC\BlogEngine.IoC.csproj", "{FAA8362E-9C9D-4E50-8BF5-58F24114F82B}"
EndProject
Project("{FAE04EC0-301F-11D3-BF4B-00C04F79EFBC}") = "BlogEngine.Service", "BlogEngine.Service\BlogEngine.Service.csproj", "{13019642-2E2B-4785-8E47-C42565B984F4}"
EndProject
Global
	GlobalSection(SolutionConfigurationPlatforms) = preSolution
		Debug|Any CPU = Debug|Any CPU
		Release|Any CPU = Release|Any CPU
	EndGlobalSection
	GlobalSection(ProjectConfigurationPlatforms) = postSolution
		{E1E95968-B877-4C27-94BE-91C2CD0F6A76}.Debug|Any CPU.ActiveCfg = Debug|Any CPU
		{E1E95968-B877-4C27-94BE-91C2CD0F6A76}.Debug|Any CPU.Build.0 = Debug|Any CPU
		{E1E95968-B877-4C27-94BE-91C2CD0F6A76}.Release|Any CPU.ActiveCfg = Release|Any CPU
		{E1E95968-B877-4C27-94BE-91C2CD0F6A76}.Release|Any CPU.Build.0 = Release|Any CPU
		{167C0B50-B854-43AE-9EBB-413F84807789}.Debug|Any CPU.ActiveCfg = Debug|Any CPU
		{167C0B50-B854-43AE-9EBB-413F84807789}.Debug|Any CPU.Build.0 = Debug|Any CPU
		{167C0B50-B854-43AE-9EBB-413F84807789}.Release|Any CPU.ActiveCfg = Release|Any CPU
		{167C0B50-B854-43AE-9EBB-413F84807789}.Release|Any CPU.Build.0 = Release|Any CPU
		{279EDF37-5663-46F3-A483-490AC83CE49A}.Debug|Any CPU.ActiveCfg = Debug|Any CPU
		{279EDF37-5663-46F3-A483-490AC83CE49A}.Debug|Any CPU.Build.0 = Debug|Any CPU
		{279EDF37-5663-46F3-A483-490AC83CE49A}.Release|Any CPU.ActiveCfg = Release|Any CPU
		{279EDF37-5663-46F3-A483-490AC83CE49A}.Release|Any CPU.Build.0 = Release|Any CPU
		{FAA8362E-9C9D-4E50-8BF5-58F24114F82B}.Debug|Any CPU.ActiveCfg = Debug|Any CPU
		{FAA8362E-9C9D-4E50-8BF5-58F24114F82B}.Debug|Any CPU.Build.0 = Debug|Any CPU
		{FAA8362E-9C9D-4E50-8BF5-58F24114F82B}.Release|Any CPU.ActiveCfg = Release|Any CPU
		{FAA8362E-9C9D-4E50-8BF5-58F24114F82B}.Release|Any CPU.Build.0 = Release|Any CPU
		{13019642-2E2B-4785-8E47-C42565B984F4}.Debug|Any CPU.ActiveCfg = Debug|Any CPU
		{13019642-2E2B-4785-8E47-C42565B984F4}.Debug|Any CPU.Build.0 = Debug|Any CPU
		{13019642-2E2B-4785-8E47-C42565B984F4}.Release|Any CPU.ActiveCfg = Release|Any CPU
		{13019642-2E2B-4785-8E47-C42565B984F4}.Release|Any CPU.Build.0 = Release|Any CPU
	EndGlobalSection
	GlobalSection(SolutionProperties) = preSolution
		HideSolutionNode = FALSE
	EndGlobalSection
	GlobalSection(ExtensibilityGlobals) = postSolution
		SolutionGuid = {AE0EAF1B-1B76-445E-9D21-5E805EE3C6B2}
	EndGlobalSection
EndGlobal
